// !$*UTF8*$!
{
	archiveVersion = 1;
	classes = {
	};
	objectVersion = 56;
	objects = {

/* Begin PBXBuildFile section */
		7BC39B352AF13AE30026F147 /* PhoneApp.swift in Sources */ = {isa = PBXBuildFile; fileRef = 7BC39B342AF13AE30026F147 /* PhoneApp.swift */; };
		7BC39B372AF13AE30026F147 /* ContentView.swift in Sources */ = {isa = PBXBuildFile; fileRef = 7BC39B362AF13AE30026F147 /* ContentView.swift */; };
		7BC39B392AF13AE40026F147 /* Assets.xcassets in Resources */ = {isa = PBXBuildFile; fileRef = 7BC39B382AF13AE40026F147 /* Assets.xcassets */; };
		7BC39B3D2AF13AE40026F147 /* Preview Assets.xcassets in Resources */ = {isa = PBXBuildFile; fileRef = 7BC39B3C2AF13AE40026F147 /* Preview Assets.xcassets */; };
		7BC39B472AF13AE40026F147 /* PhoneTests.swift in Sources */ = {isa = PBXBuildFile; fileRef = 7BC39B462AF13AE40026F147 /* PhoneTests.swift */; };
		7BC39B512AF13AE40026F147 /* PhoneUITests.swift in Sources */ = {isa = PBXBuildFile; fileRef = 7BC39B502AF13AE40026F147 /* PhoneUITests.swift */; };
		7BC39B532AF13AE40026F147 /* PhoneUITestsLaunchTests.swift in Sources */ = {isa = PBXBuildFile; fileRef = 7BC39B522AF13AE40026F147 /* PhoneUITestsLaunchTests.swift */; };
		7BC39B672AF13CB30026F147 /* Swinject in Frameworks */ = {isa = PBXBuildFile; productRef = 7BC39B662AF13CB30026F147 /* Swinject */; };
		7BC39B692AF13CB30026F147 /* Swinject-Dynamic in Frameworks */ = {isa = PBXBuildFile; productRef = 7BC39B682AF13CB30026F147 /* Swinject-Dynamic */; };
		7BC39B6F2AF13D8A0026F147 /* Cuckoo in Frameworks */ = {isa = PBXBuildFile; productRef = 7BC39B6E2AF13D8A0026F147 /* Cuckoo */; };
		7BC39B722AF13E960026F147 /* OCMockito in Frameworks */ = {isa = PBXBuildFile; productRef = 7BC39B712AF13E960026F147 /* OCMockito */; };
		7BC39B742AF141570026F147 /* Debug.xcconfig in Resources */ = {isa = PBXBuildFile; fileRef = 7BC39B732AF141570026F147 /* Debug.xcconfig */; };
		7BC39B762AF144DE0026F147 /* LoginResponse.swift in Sources */ = {isa = PBXBuildFile; fileRef = 7BC39B752AF144DE0026F147 /* LoginResponse.swift */; };
		7BC39B782AF145140026F147 /* ColorData.swift in Sources */ = {isa = PBXBuildFile; fileRef = 7BC39B772AF145140026F147 /* ColorData.swift */; };
		7BC39B7A2AF145420026F147 /* Support.swift in Sources */ = {isa = PBXBuildFile; fileRef = 7BC39B792AF145420026F147 /* Support.swift */; };
		7BC39B812AF1D1970026F147 /* RootResponse.m in Sources */ = {isa = PBXBuildFile; fileRef = 7BC39B802AF1D1970026F147 /* RootResponse.m */; };
		7BC39B832AF1D3820026F147 /* UserResponse.swift in Sources */ = {isa = PBXBuildFile; fileRef = 7BC39B822AF1D3820026F147 /* UserResponse.swift */; };
		7BC39B852AF1D3C40026F147 /* UserData.swift in Sources */ = {isa = PBXBuildFile; fileRef = 7BC39B842AF1D3C40026F147 /* UserData.swift */; };
		7BC39B882AF1D4730026F147 /* UserInfo.m in Sources */ = {isa = PBXBuildFile; fileRef = 7BC39B872AF1D4730026F147 /* UserInfo.m */; };
		7BC39B8C2AF1D7940026F147 /* NetworkClient.swift in Sources */ = {isa = PBXBuildFile; fileRef = 7BC39B8B2AF1D7940026F147 /* NetworkClient.swift */; };
		7BC39B8E2AF1D7A20026F147 /* NetworkClientImplementation.swift in Sources */ = {isa = PBXBuildFile; fileRef = 7BC39B8D2AF1D7A20026F147 /* NetworkClientImplementation.swift */; };
		7BC39B902AF1D7D90026F147 /* URLSessionDataTaskProtocol.swift in Sources */ = {isa = PBXBuildFile; fileRef = 7BC39B8F2AF1D7D90026F147 /* URLSessionDataTaskProtocol.swift */; };
		7BC39B922AF1D80A0026F147 /* NetworkError.swift in Sources */ = {isa = PBXBuildFile; fileRef = 7BC39B912AF1D80A0026F147 /* NetworkError.swift */; };
		7BC39B942AF1DAF80026F147 /* UserService.swift in Sources */ = {isa = PBXBuildFile; fileRef = 7BC39B932AF1DAF80026F147 /* UserService.swift */; };
		7BC39B962AF1DC510026F147 /* UserServiceImplementation.swift in Sources */ = {isa = PBXBuildFile; fileRef = 7BC39B952AF1DC510026F147 /* UserServiceImplementation.swift */; };
		7BC39B9B2AF1E5530026F147 /* EndpointKey.swift in Sources */ = {isa = PBXBuildFile; fileRef = 7BC39B9A2AF1E5530026F147 /* EndpointKey.swift */; };
		7BC39B9E2AF25E700026F147 /* NetworkService.m in Sources */ = {isa = PBXBuildFile; fileRef = 7BC39B9D2AF25E700026F147 /* NetworkService.m */; };
		7BC39BA12AF279B30026F147 /* ServiceClient.m in Sources */ = {isa = PBXBuildFile; fileRef = 7BC39BA02AF279B30026F147 /* ServiceClient.m */; };
		7BC39BA52AF285D20026F147 /* UserViewModel.swift in Sources */ = {isa = PBXBuildFile; fileRef = 7BC39BA42AF285D20026F147 /* UserViewModel.swift */; };
		7BC39BAE2AF28E850026F147 /* UserIntent.swift in Sources */ = {isa = PBXBuildFile; fileRef = 7BC39BAD2AF28E850026F147 /* UserIntent.swift */; };
		7BC39BB02AF28F460026F147 /* UserState.swift in Sources */ = {isa = PBXBuildFile; fileRef = 7BC39BAF2AF28F460026F147 /* UserState.swift */; };
/* End PBXBuildFile section */

/* Begin PBXContainerItemProxy section */
		7BC39B432AF13AE40026F147 /* PBXContainerItemProxy */ = {
			isa = PBXContainerItemProxy;
			containerPortal = 7BC39B292AF13AE30026F147 /* Project object */;
			proxyType = 1;
			remoteGlobalIDString = 7BC39B302AF13AE30026F147;
			remoteInfo = Phone;
		};
		7BC39B4D2AF13AE40026F147 /* PBXContainerItemProxy */ = {
			isa = PBXContainerItemProxy;
			containerPortal = 7BC39B292AF13AE30026F147 /* Project object */;
			proxyType = 1;
			remoteGlobalIDString = 7BC39B302AF13AE30026F147;
			remoteInfo = Phone;
		};
/* End PBXContainerItemProxy section */

/* Begin PBXFileReference section */
		7BC39B312AF13AE30026F147 /* Phone.app */ = {isa = PBXFileReference; explicitFileType = wrapper.application; includeInIndex = 0; path = Phone.app; sourceTree = BUILT_PRODUCTS_DIR; };
		7BC39B342AF13AE30026F147 /* PhoneApp.swift */ = {isa = PBXFileReference; lastKnownFileType = sourcecode.swift; path = PhoneApp.swift; sourceTree = "<group>"; };
		7BC39B362AF13AE30026F147 /* ContentView.swift */ = {isa = PBXFileReference; lastKnownFileType = sourcecode.swift; path = ContentView.swift; sourceTree = "<group>"; };
		7BC39B382AF13AE40026F147 /* Assets.xcassets */ = {isa = PBXFileReference; lastKnownFileType = folder.assetcatalog; path = Assets.xcassets; sourceTree = "<group>"; };
		7BC39B3A2AF13AE40026F147 /* Phone.entitlements */ = {isa = PBXFileReference; lastKnownFileType = text.plist.entitlements; path = Phone.entitlements; sourceTree = "<group>"; };
		7BC39B3C2AF13AE40026F147 /* Preview Assets.xcassets */ = {isa = PBXFileReference; lastKnownFileType = folder.assetcatalog; path = "Preview Assets.xcassets"; sourceTree = "<group>"; };
		7BC39B422AF13AE40026F147 /* PhoneTests.xctest */ = {isa = PBXFileReference; explicitFileType = wrapper.cfbundle; includeInIndex = 0; path = PhoneTests.xctest; sourceTree = BUILT_PRODUCTS_DIR; };
		7BC39B462AF13AE40026F147 /* PhoneTests.swift */ = {isa = PBXFileReference; lastKnownFileType = sourcecode.swift; path = PhoneTests.swift; sourceTree = "<group>"; };
		7BC39B4C2AF13AE40026F147 /* PhoneUITests.xctest */ = {isa = PBXFileReference; explicitFileType = wrapper.cfbundle; includeInIndex = 0; path = PhoneUITests.xctest; sourceTree = BUILT_PRODUCTS_DIR; };
		7BC39B502AF13AE40026F147 /* PhoneUITests.swift */ = {isa = PBXFileReference; lastKnownFileType = sourcecode.swift; path = PhoneUITests.swift; sourceTree = "<group>"; };
		7BC39B522AF13AE40026F147 /* PhoneUITestsLaunchTests.swift */ = {isa = PBXFileReference; lastKnownFileType = sourcecode.swift; path = PhoneUITestsLaunchTests.swift; sourceTree = "<group>"; };
		7BC39B732AF141570026F147 /* Debug.xcconfig */ = {isa = PBXFileReference; lastKnownFileType = text.xcconfig; path = Debug.xcconfig; sourceTree = "<group>"; };
		7BC39B752AF144DE0026F147 /* LoginResponse.swift */ = {isa = PBXFileReference; lastKnownFileType = sourcecode.swift; path = LoginResponse.swift; sourceTree = "<group>"; };
		7BC39B772AF145140026F147 /* ColorData.swift */ = {isa = PBXFileReference; lastKnownFileType = sourcecode.swift; path = ColorData.swift; sourceTree = "<group>"; };
		7BC39B792AF145420026F147 /* Support.swift */ = {isa = PBXFileReference; lastKnownFileType = sourcecode.swift; path = Support.swift; sourceTree = "<group>"; };
		7BC39B7E2AF1D1970026F147 /* Phone-Bridging-Header.h */ = {isa = PBXFileReference; lastKnownFileType = sourcecode.c.h; path = "Phone-Bridging-Header.h"; sourceTree = "<group>"; };
		7BC39B7F2AF1D1970026F147 /* RootResponse.h */ = {isa = PBXFileReference; lastKnownFileType = sourcecode.c.h; path = RootResponse.h; sourceTree = "<group>"; };
		7BC39B802AF1D1970026F147 /* RootResponse.m */ = {isa = PBXFileReference; lastKnownFileType = sourcecode.c.objc; path = RootResponse.m; sourceTree = "<group>"; };
		7BC39B822AF1D3820026F147 /* UserResponse.swift */ = {isa = PBXFileReference; lastKnownFileType = sourcecode.swift; path = UserResponse.swift; sourceTree = "<group>"; };
		7BC39B842AF1D3C40026F147 /* UserData.swift */ = {isa = PBXFileReference; lastKnownFileType = sourcecode.swift; path = UserData.swift; sourceTree = "<group>"; };
		7BC39B862AF1D4730026F147 /* UserInfo.h */ = {isa = PBXFileReference; lastKnownFileType = sourcecode.c.h; path = UserInfo.h; sourceTree = "<group>"; };
		7BC39B872AF1D4730026F147 /* UserInfo.m */ = {isa = PBXFileReference; lastKnownFileType = sourcecode.c.objc; path = UserInfo.m; sourceTree = "<group>"; };
		7BC39B8B2AF1D7940026F147 /* NetworkClient.swift */ = {isa = PBXFileReference; lastKnownFileType = sourcecode.swift; path = NetworkClient.swift; sourceTree = "<group>"; };
		7BC39B8D2AF1D7A20026F147 /* NetworkClientImplementation.swift */ = {isa = PBXFileReference; lastKnownFileType = sourcecode.swift; path = NetworkClientImplementation.swift; sourceTree = "<group>"; };
		7BC39B8F2AF1D7D90026F147 /* URLSessionDataTaskProtocol.swift */ = {isa = PBXFileReference; lastKnownFileType = sourcecode.swift; path = URLSessionDataTaskProtocol.swift; sourceTree = "<group>"; };
		7BC39B912AF1D80A0026F147 /* NetworkError.swift */ = {isa = PBXFileReference; lastKnownFileType = sourcecode.swift; path = NetworkError.swift; sourceTree = "<group>"; };
		7BC39B932AF1DAF80026F147 /* UserService.swift */ = {isa = PBXFileReference; lastKnownFileType = sourcecode.swift; path = UserService.swift; sourceTree = "<group>"; };
		7BC39B952AF1DC510026F147 /* UserServiceImplementation.swift */ = {isa = PBXFileReference; lastKnownFileType = sourcecode.swift; path = UserServiceImplementation.swift; sourceTree = "<group>"; };
		7BC39B972AF1DEE10026F147 /* Info.plist */ = {isa = PBXFileReference; lastKnownFileType = text.plist; path = Info.plist; sourceTree = "<group>"; };
		7BC39B9A2AF1E5530026F147 /* EndpointKey.swift */ = {isa = PBXFileReference; lastKnownFileType = sourcecode.swift; path = EndpointKey.swift; sourceTree = "<group>"; };
		7BC39B9C2AF25E700026F147 /* NetworkService.h */ = {isa = PBXFileReference; lastKnownFileType = sourcecode.c.h; path = NetworkService.h; sourceTree = "<group>"; };
		7BC39B9D2AF25E700026F147 /* NetworkService.m */ = {isa = PBXFileReference; lastKnownFileType = sourcecode.c.objc; path = NetworkService.m; sourceTree = "<group>"; };
		7BC39B9F2AF279B30026F147 /* ServiceClient.h */ = {isa = PBXFileReference; lastKnownFileType = sourcecode.c.h; path = ServiceClient.h; sourceTree = "<group>"; };
		7BC39BA02AF279B30026F147 /* ServiceClient.m */ = {isa = PBXFileReference; lastKnownFileType = sourcecode.c.objc; path = ServiceClient.m; sourceTree = "<group>"; };
		7BC39BA42AF285D20026F147 /* UserViewModel.swift */ = {isa = PBXFileReference; lastKnownFileType = sourcecode.swift; path = UserViewModel.swift; sourceTree = "<group>"; };
		7BC39BAD2AF28E850026F147 /* UserIntent.swift */ = {isa = PBXFileReference; lastKnownFileType = sourcecode.swift; path = UserIntent.swift; sourceTree = "<group>"; };
		7BC39BAF2AF28F460026F147 /* UserState.swift */ = {isa = PBXFileReference; lastKnownFileType = sourcecode.swift; path = UserState.swift; sourceTree = "<group>"; };
/* End PBXFileReference section */

/* Begin PBXFrameworksBuildPhase section */
		7BC39B2E2AF13AE30026F147 /* Frameworks */ = {
			isa = PBXFrameworksBuildPhase;
			buildActionMask = 2147483647;
			files = (
				7BC39B672AF13CB30026F147 /* Swinject in Frameworks */,
				7BC39B692AF13CB30026F147 /* Swinject-Dynamic in Frameworks */,
			);
			runOnlyForDeploymentPostprocessing = 0;
		};
		7BC39B3F2AF13AE40026F147 /* Frameworks */ = {
			isa = PBXFrameworksBuildPhase;
			buildActionMask = 2147483647;
			files = (
				7BC39B6F2AF13D8A0026F147 /* Cuckoo in Frameworks */,
				7BC39B722AF13E960026F147 /* OCMockito in Frameworks */,
			);
			runOnlyForDeploymentPostprocessing = 0;
		};
		7BC39B492AF13AE40026F147 /* Frameworks */ = {
			isa = PBXFrameworksBuildPhase;
			buildActionMask = 2147483647;
			files = (
			);
			runOnlyForDeploymentPostprocessing = 0;
		};
/* End PBXFrameworksBuildPhase section */

/* Begin PBXGroup section */
		7BC39B282AF13AE30026F147 = {
			isa = PBXGroup;
			children = (
				7BC39B332AF13AE30026F147 /* Phone */,
				7BC39B452AF13AE40026F147 /* PhoneTests */,
				7BC39B4F2AF13AE40026F147 /* PhoneUITests */,
				7BC39B322AF13AE30026F147 /* Products */,
			);
			sourceTree = "<group>";
		};
		7BC39B322AF13AE30026F147 /* Products */ = {
			isa = PBXGroup;
			children = (
				7BC39B312AF13AE30026F147 /* Phone.app */,
				7BC39B422AF13AE40026F147 /* PhoneTests.xctest */,
				7BC39B4C2AF13AE40026F147 /* PhoneUITests.xctest */,
			);
			name = Products;
			sourceTree = "<group>";
		};
		7BC39B332AF13AE30026F147 /* Phone */ = {
			isa = PBXGroup;
			children = (
				7BC39BA72AF28D940026F147 /* MVI-Swift */,
				7BC39BA62AF28C7B0026F147 /* MVVM-Objective-C */,
				7BC39B972AF1DEE10026F147 /* Info.plist */,
				7BC39B642AF13C660026F147 /* DependencyContainer */,
				7BC39B622AF13BD90026F147 /* Common */,
				7BC39B342AF13AE30026F147 /* PhoneApp.swift */,
				7BC39B7E2AF1D1970026F147 /* Phone-Bridging-Header.h */,
				7BC39B362AF13AE30026F147 /* ContentView.swift */,
				7BC39B382AF13AE40026F147 /* Assets.xcassets */,
				7BC39B3A2AF13AE40026F147 /* Phone.entitlements */,
				7BC39B3B2AF13AE40026F147 /* Preview Content */,
				7BC39B732AF141570026F147 /* Debug.xcconfig */,
			);
			path = Phone;
			sourceTree = "<group>";
		};
		7BC39B3B2AF13AE40026F147 /* Preview Content */ = {
			isa = PBXGroup;
			children = (
				7BC39B3C2AF13AE40026F147 /* Preview Assets.xcassets */,
			);
			path = "Preview Content";
			sourceTree = "<group>";
		};
		7BC39B452AF13AE40026F147 /* PhoneTests */ = {
			isa = PBXGroup;
			children = (
				7BC39B462AF13AE40026F147 /* PhoneTests.swift */,
			);
			path = PhoneTests;
			sourceTree = "<group>";
		};
		7BC39B4F2AF13AE40026F147 /* PhoneUITests */ = {
			isa = PBXGroup;
			children = (
				7BC39B502AF13AE40026F147 /* PhoneUITests.swift */,
				7BC39B522AF13AE40026F147 /* PhoneUITestsLaunchTests.swift */,
			);
			path = PhoneUITests;
			sourceTree = "<group>";
		};
		7BC39B5F2AF13BBB0026F147 /* Model */ = {
			isa = PBXGroup;
			children = (
				7BC39BAF2AF28F460026F147 /* UserState.swift */,
				7BC39B752AF144DE0026F147 /* LoginResponse.swift */,
				7BC39B772AF145140026F147 /* ColorData.swift */,
				7BC39B792AF145420026F147 /* Support.swift */,
				7BC39B822AF1D3820026F147 /* UserResponse.swift */,
				7BC39B842AF1D3C40026F147 /* UserData.swift */,
			);
			path = Model;
			sourceTree = "<group>";
		};
		7BC39B612AF13BCE0026F147 /* View */ = {
			isa = PBXGroup;
			children = (
			);
			path = View;
			sourceTree = "<group>";
		};
		7BC39B622AF13BD90026F147 /* Common */ = {
			isa = PBXGroup;
			children = (
			);
			path = Common;
			sourceTree = "<group>";
		};
		7BC39B632AF13BE70026F147 /* Service */ = {
			isa = PBXGroup;
			children = (
				7BC39B8B2AF1D7940026F147 /* NetworkClient.swift */,
				7BC39B8D2AF1D7A20026F147 /* NetworkClientImplementation.swift */,
				7BC39B8F2AF1D7D90026F147 /* URLSessionDataTaskProtocol.swift */,
				7BC39B912AF1D80A0026F147 /* NetworkError.swift */,
				7BC39B932AF1DAF80026F147 /* UserService.swift */,
				7BC39B952AF1DC510026F147 /* UserServiceImplementation.swift */,
				7BC39B9A2AF1E5530026F147 /* EndpointKey.swift */,
			);
			path = Service;
			sourceTree = "<group>";
		};
		7BC39B642AF13C660026F147 /* DependencyContainer */ = {
			isa = PBXGroup;
			children = (
			);
			path = DependencyContainer;
			sourceTree = "<group>";
		};
		7BC39BA62AF28C7B0026F147 /* MVVM-Objective-C */ = {
			isa = PBXGroup;
			children = (
				7BC39BAA2AF28E040026F147 /* Model */,
				7BC39B612AF13BCE0026F147 /* View */,
				7BC39BA92AF28DB00026F147 /* ViewModel */,
				7BC39BA82AF28DA80026F147 /* Service */,
			);
			path = "MVVM-Objective-C";
			sourceTree = "<group>";
		};
		7BC39BA72AF28D940026F147 /* MVI-Swift */ = {
			isa = PBXGroup;
			children = (
				7BC39BAC2AF28E3D0026F147 /* Intent */,
				7BC39BAB2AF28E340026F147 /* View */,
				7BC39B5F2AF13BBB0026F147 /* Model */,
				7BC39B632AF13BE70026F147 /* Service */,
			);
			path = "MVI-Swift";
			sourceTree = "<group>";
		};
		7BC39BA82AF28DA80026F147 /* Service */ = {
			isa = PBXGroup;
			children = (
				7BC39B9C2AF25E700026F147 /* NetworkService.h */,
				7BC39B9D2AF25E700026F147 /* NetworkService.m */,
				7BC39B9F2AF279B30026F147 /* ServiceClient.h */,
				7BC39BA02AF279B30026F147 /* ServiceClient.m */,
			);
			path = Service;
			sourceTree = "<group>";
		};
		7BC39BA92AF28DB00026F147 /* ViewModel */ = {
			isa = PBXGroup;
			children = (
			);
			path = ViewModel;
			sourceTree = "<group>";
		};
		7BC39BAA2AF28E040026F147 /* Model */ = {
			isa = PBXGroup;
			children = (
				7BC39B7F2AF1D1970026F147 /* RootResponse.h */,
				7BC39B802AF1D1970026F147 /* RootResponse.m */,
				7BC39B862AF1D4730026F147 /* UserInfo.h */,
				7BC39B872AF1D4730026F147 /* UserInfo.m */,
			);
			path = Model;
			sourceTree = "<group>";
		};
		7BC39BAB2AF28E340026F147 /* View */ = {
			isa = PBXGroup;
			children = (
			);
			path = View;
			sourceTree = "<group>";
		};
		7BC39BAC2AF28E3D0026F147 /* Intent */ = {
			isa = PBXGroup;
			children = (
				7BC39BA42AF285D20026F147 /* UserViewModel.swift */,
				7BC39BAD2AF28E850026F147 /* UserIntent.swift */,
			);
			path = Intent;
			sourceTree = "<group>";
		};
/* End PBXGroup section */

/* Begin PBXNativeTarget section */
		7BC39B302AF13AE30026F147 /* Phone */ = {
			isa = PBXNativeTarget;
			buildConfigurationList = 7BC39B562AF13AE40026F147 /* Build configuration list for PBXNativeTarget "Phone" */;
			buildPhases = (
				7BC39B2D2AF13AE30026F147 /* Sources */,
				7BC39B2E2AF13AE30026F147 /* Frameworks */,
				7BC39B2F2AF13AE30026F147 /* Resources */,
			);
			buildRules = (
			);
			dependencies = (
			);
			name = Phone;
			packageProductDependencies = (
				7BC39B662AF13CB30026F147 /* Swinject */,
				7BC39B682AF13CB30026F147 /* Swinject-Dynamic */,
			);
			productName = Phone;
			productReference = 7BC39B312AF13AE30026F147 /* Phone.app */;
			productType = "com.apple.product-type.application";
		};
		7BC39B412AF13AE40026F147 /* PhoneTests */ = {
			isa = PBXNativeTarget;
			buildConfigurationList = 7BC39B592AF13AE40026F147 /* Build configuration list for PBXNativeTarget "PhoneTests" */;
			buildPhases = (
				7BC39B3E2AF13AE40026F147 /* Sources */,
				7BC39B3F2AF13AE40026F147 /* Frameworks */,
				7BC39B402AF13AE40026F147 /* Resources */,
			);
			buildRules = (
			);
			dependencies = (
				7BC39B442AF13AE40026F147 /* PBXTargetDependency */,
			);
			name = PhoneTests;
			packageProductDependencies = (
				7BC39B6E2AF13D8A0026F147 /* Cuckoo */,
				7BC39B712AF13E960026F147 /* OCMockito */,
			);
			productName = PhoneTests;
			productReference = 7BC39B422AF13AE40026F147 /* PhoneTests.xctest */;
			productType = "com.apple.product-type.bundle.unit-test";
		};
		7BC39B4B2AF13AE40026F147 /* PhoneUITests */ = {
			isa = PBXNativeTarget;
			buildConfigurationList = 7BC39B5C2AF13AE40026F147 /* Build configuration list for PBXNativeTarget "PhoneUITests" */;
			buildPhases = (
				7BC39B482AF13AE40026F147 /* Sources */,
				7BC39B492AF13AE40026F147 /* Frameworks */,
				7BC39B4A2AF13AE40026F147 /* Resources */,
			);
			buildRules = (
			);
			dependencies = (
				7BC39B4E2AF13AE40026F147 /* PBXTargetDependency */,
			);
			name = PhoneUITests;
			productName = PhoneUITests;
			productReference = 7BC39B4C2AF13AE40026F147 /* PhoneUITests.xctest */;
			productType = "com.apple.product-type.bundle.ui-testing";
		};
/* End PBXNativeTarget section */

/* Begin PBXProject section */
		7BC39B292AF13AE30026F147 /* Project object */ = {
			isa = PBXProject;
			attributes = {
				BuildIndependentTargetsInParallel = 1;
				LastSwiftUpdateCheck = 1500;
				LastUpgradeCheck = 1500;
				TargetAttributes = {
					7BC39B302AF13AE30026F147 = {
						CreatedOnToolsVersion = 15.0.1;
						LastSwiftMigration = 1500;
					};
					7BC39B412AF13AE40026F147 = {
						CreatedOnToolsVersion = 15.0.1;
						TestTargetID = 7BC39B302AF13AE30026F147;
					};
					7BC39B4B2AF13AE40026F147 = {
						CreatedOnToolsVersion = 15.0.1;
						TestTargetID = 7BC39B302AF13AE30026F147;
					};
				};
			};
			buildConfigurationList = 7BC39B2C2AF13AE30026F147 /* Build configuration list for PBXProject "Phone" */;
			compatibilityVersion = "Xcode 14.0";
			developmentRegion = en;
			hasScannedForEncodings = 0;
			knownRegions = (
				en,
				Base,
			);
			mainGroup = 7BC39B282AF13AE30026F147;
			packageReferences = (
				7BC39B652AF13CB30026F147 /* XCRemoteSwiftPackageReference "Swinject" */,
				7BC39B6D2AF13D8A0026F147 /* XCRemoteSwiftPackageReference "Cuckoo" */,
				7BC39B702AF13E960026F147 /* XCRemoteSwiftPackageReference "OCMockito" */,
			);
			productRefGroup = 7BC39B322AF13AE30026F147 /* Products */;
			projectDirPath = "";
			projectRoot = "";
			targets = (
				7BC39B302AF13AE30026F147 /* Phone */,
				7BC39B412AF13AE40026F147 /* PhoneTests */,
				7BC39B4B2AF13AE40026F147 /* PhoneUITests */,
			);
		};
/* End PBXProject section */

/* Begin PBXResourcesBuildPhase section */
		7BC39B2F2AF13AE30026F147 /* Resources */ = {
			isa = PBXResourcesBuildPhase;
			buildActionMask = 2147483647;
			files = (
				7BC39B3D2AF13AE40026F147 /* Preview Assets.xcassets in Resources */,
				7BC39B392AF13AE40026F147 /* Assets.xcassets in Resources */,
				7BC39B742AF141570026F147 /* Debug.xcconfig in Resources */,
			);
			runOnlyForDeploymentPostprocessing = 0;
		};
		7BC39B402AF13AE40026F147 /* Resources */ = {
			isa = PBXResourcesBuildPhase;
			buildActionMask = 2147483647;
			files = (
			);
			runOnlyForDeploymentPostprocessing = 0;
		};
		7BC39B4A2AF13AE40026F147 /* Resources */ = {
			isa = PBXResourcesBuildPhase;
			buildActionMask = 2147483647;
			files = (
			);
			runOnlyForDeploymentPostprocessing = 0;
		};
/* End PBXResourcesBuildPhase section */

/* Begin PBXSourcesBuildPhase section */
		7BC39B2D2AF13AE30026F147 /* Sources */ = {
			isa = PBXSourcesBuildPhase;
			buildActionMask = 2147483647;
			files = (
				7BC39BAE2AF28E850026F147 /* UserIntent.swift in Sources */,
				7BC39B942AF1DAF80026F147 /* UserService.swift in Sources */,
				7BC39B762AF144DE0026F147 /* LoginResponse.swift in Sources */,
				7BC39B8C2AF1D7940026F147 /* NetworkClient.swift in Sources */,
				7BC39B902AF1D7D90026F147 /* URLSessionDataTaskProtocol.swift in Sources */,
				7BC39BA12AF279B30026F147 /* ServiceClient.m in Sources */,
				7BC39B9E2AF25E700026F147 /* NetworkService.m in Sources */,
				7BC39B8E2AF1D7A20026F147 /* NetworkClientImplementation.swift in Sources */,
				7BC39B882AF1D4730026F147 /* UserInfo.m in Sources */,
				7BC39B7A2AF145420026F147 /* Support.swift in Sources */,
				7BC39B852AF1D3C40026F147 /* UserData.swift in Sources */,
				7BC39B812AF1D1970026F147 /* RootResponse.m in Sources */,
				7BC39BB02AF28F460026F147 /* UserState.swift in Sources */,
				7BC39B782AF145140026F147 /* ColorData.swift in Sources */,
				7BC39B962AF1DC510026F147 /* UserServiceImplementation.swift in Sources */,
				7BC39BA52AF285D20026F147 /* UserViewModel.swift in Sources */,
				7BC39B832AF1D3820026F147 /* UserResponse.swift in Sources */,
				7BC39B922AF1D80A0026F147 /* NetworkError.swift in Sources */,
				7BC39B9B2AF1E5530026F147 /* EndpointKey.swift in Sources */,
				7BC39B372AF13AE30026F147 /* ContentView.swift in Sources */,
				7BC39B352AF13AE30026F147 /* PhoneApp.swift in Sources */,
			);
			runOnlyForDeploymentPostprocessing = 0;
		};
		7BC39B3E2AF13AE40026F147 /* Sources */ = {
			isa = PBXSourcesBuildPhase;
			buildActionMask = 2147483647;
			files = (
				7BC39B472AF13AE40026F147 /* PhoneTests.swift in Sources */,
			);
			runOnlyForDeploymentPostprocessing = 0;
		};
		7BC39B482AF13AE40026F147 /* Sources */ = {
			isa = PBXSourcesBuildPhase;
			buildActionMask = 2147483647;
			files = (
				7BC39B512AF13AE40026F147 /* PhoneUITests.swift in Sources */,
				7BC39B532AF13AE40026F147 /* PhoneUITestsLaunchTests.swift in Sources */,
			);
			runOnlyForDeploymentPostprocessing = 0;
		};
/* End PBXSourcesBuildPhase section */

/* Begin PBXTargetDependency section */
		7BC39B442AF13AE40026F147 /* PBXTargetDependency */ = {
			isa = PBXTargetDependency;
			target = 7BC39B302AF13AE30026F147 /* Phone */;
			targetProxy = 7BC39B432AF13AE40026F147 /* PBXContainerItemProxy */;
		};
		7BC39B4E2AF13AE40026F147 /* PBXTargetDependency */ = {
			isa = PBXTargetDependency;
			target = 7BC39B302AF13AE30026F147 /* Phone */;
			targetProxy = 7BC39B4D2AF13AE40026F147 /* PBXContainerItemProxy */;
		};
/* End PBXTargetDependency section */

/* Begin XCBuildConfiguration section */
		7BC39B542AF13AE40026F147 /* Debug */ = {
			isa = XCBuildConfiguration;
			buildSettings = {
				ALWAYS_SEARCH_USER_PATHS = NO;
				ASSETCATALOG_COMPILER_GENERATE_SWIFT_ASSET_SYMBOL_EXTENSIONS = YES;
				CLANG_ANALYZER_NONNULL = YES;
				CLANG_ANALYZER_NUMBER_OBJECT_CONVERSION = YES_AGGRESSIVE;
				CLANG_CXX_LANGUAGE_STANDARD = "gnu++20";
				CLANG_ENABLE_MODULES = YES;
				CLANG_ENABLE_OBJC_ARC = YES;
				CLANG_ENABLE_OBJC_WEAK = YES;
				CLANG_WARN_BLOCK_CAPTURE_AUTORELEASING = YES;
				CLANG_WARN_BOOL_CONVERSION = YES;
				CLANG_WARN_COMMA = YES;
				CLANG_WARN_CONSTANT_CONVERSION = YES;
				CLANG_WARN_DEPRECATED_OBJC_IMPLEMENTATIONS = YES;
				CLANG_WARN_DIRECT_OBJC_ISA_USAGE = YES_ERROR;
				CLANG_WARN_DOCUMENTATION_COMMENTS = YES;
				CLANG_WARN_EMPTY_BODY = YES;
				CLANG_WARN_ENUM_CONVERSION = YES;
				CLANG_WARN_INFINITE_RECURSION = YES;
				CLANG_WARN_INT_CONVERSION = YES;
				CLANG_WARN_NON_LITERAL_NULL_CONVERSION = YES;
				CLANG_WARN_OBJC_IMPLICIT_RETAIN_SELF = YES;
				CLANG_WARN_OBJC_LITERAL_CONVERSION = YES;
				CLANG_WARN_OBJC_ROOT_CLASS = YES_ERROR;
				CLANG_WARN_QUOTED_INCLUDE_IN_FRAMEWORK_HEADER = YES;
				CLANG_WARN_RANGE_LOOP_ANALYSIS = YES;
				CLANG_WARN_STRICT_PROTOTYPES = YES;
				CLANG_WARN_SUSPICIOUS_MOVE = YES;
				CLANG_WARN_UNGUARDED_AVAILABILITY = YES_AGGRESSIVE;
				CLANG_WARN_UNREACHABLE_CODE = YES;
				CLANG_WARN__DUPLICATE_METHOD_MATCH = YES;
				COPY_PHASE_STRIP = NO;
				DEBUG_INFORMATION_FORMAT = dwarf;
				ENABLE_STRICT_OBJC_MSGSEND = YES;
				ENABLE_TESTABILITY = YES;
				ENABLE_USER_SCRIPT_SANDBOXING = YES;
				GCC_C_LANGUAGE_STANDARD = gnu17;
				GCC_DYNAMIC_NO_PIC = NO;
				GCC_NO_COMMON_BLOCKS = YES;
				GCC_OPTIMIZATION_LEVEL = 0;
				GCC_PREPROCESSOR_DEFINITIONS = (
					"DEBUG=1",
					"$(inherited)",
				);
				GCC_WARN_64_TO_32_BIT_CONVERSION = YES;
				GCC_WARN_ABOUT_RETURN_TYPE = YES_ERROR;
				GCC_WARN_UNDECLARED_SELECTOR = YES;
				GCC_WARN_UNINITIALIZED_AUTOS = YES_AGGRESSIVE;
				GCC_WARN_UNUSED_FUNCTION = YES;
				GCC_WARN_UNUSED_VARIABLE = YES;
				LOCALIZATION_PREFERS_STRING_CATALOGS = YES;
				MTL_ENABLE_DEBUG_INFO = INCLUDE_SOURCE;
				MTL_FAST_MATH = YES;
				ONLY_ACTIVE_ARCH = YES;
				SWIFT_ACTIVE_COMPILATION_CONDITIONS = "DEBUG $(inherited)";
				SWIFT_OPTIMIZATION_LEVEL = "-Onone";
			};
			name = Debug;
		};
		7BC39B552AF13AE40026F147 /* Release */ = {
			isa = XCBuildConfiguration;
			buildSettings = {
				ALWAYS_SEARCH_USER_PATHS = NO;
				ASSETCATALOG_COMPILER_GENERATE_SWIFT_ASSET_SYMBOL_EXTENSIONS = YES;
				CLANG_ANALYZER_NONNULL = YES;
				CLANG_ANALYZER_NUMBER_OBJECT_CONVERSION = YES_AGGRESSIVE;
				CLANG_CXX_LANGUAGE_STANDARD = "gnu++20";
				CLANG_ENABLE_MODULES = YES;
				CLANG_ENABLE_OBJC_ARC = YES;
				CLANG_ENABLE_OBJC_WEAK = YES;
				CLANG_WARN_BLOCK_CAPTURE_AUTORELEASING = YES;
				CLANG_WARN_BOOL_CONVERSION = YES;
				CLANG_WARN_COMMA = YES;
				CLANG_WARN_CONSTANT_CONVERSION = YES;
				CLANG_WARN_DEPRECATED_OBJC_IMPLEMENTATIONS = YES;
				CLANG_WARN_DIRECT_OBJC_ISA_USAGE = YES_ERROR;
				CLANG_WARN_DOCUMENTATION_COMMENTS = YES;
				CLANG_WARN_EMPTY_BODY = YES;
				CLANG_WARN_ENUM_CONVERSION = YES;
				CLANG_WARN_INFINITE_RECURSION = YES;
				CLANG_WARN_INT_CONVERSION = YES;
				CLANG_WARN_NON_LITERAL_NULL_CONVERSION = YES;
				CLANG_WARN_OBJC_IMPLICIT_RETAIN_SELF = YES;
				CLANG_WARN_OBJC_LITERAL_CONVERSION = YES;
				CLANG_WARN_OBJC_ROOT_CLASS = YES_ERROR;
				CLANG_WARN_QUOTED_INCLUDE_IN_FRAMEWORK_HEADER = YES;
				CLANG_WARN_RANGE_LOOP_ANALYSIS = YES;
				CLANG_WARN_STRICT_PROTOTYPES = YES;
				CLANG_WARN_SUSPICIOUS_MOVE = YES;
				CLANG_WARN_UNGUARDED_AVAILABILITY = YES_AGGRESSIVE;
				CLANG_WARN_UNREACHABLE_CODE = YES;
				CLANG_WARN__DUPLICATE_METHOD_MATCH = YES;
				COPY_PHASE_STRIP = NO;
				DEBUG_INFORMATION_FORMAT = "dwarf-with-dsym";
				ENABLE_NS_ASSERTIONS = NO;
				ENABLE_STRICT_OBJC_MSGSEND = YES;
				ENABLE_USER_SCRIPT_SANDBOXING = YES;
				GCC_C_LANGUAGE_STANDARD = gnu17;
				GCC_NO_COMMON_BLOCKS = YES;
				GCC_WARN_64_TO_32_BIT_CONVERSION = YES;
				GCC_WARN_ABOUT_RETURN_TYPE = YES_ERROR;
				GCC_WARN_UNDECLARED_SELECTOR = YES;
				GCC_WARN_UNINITIALIZED_AUTOS = YES_AGGRESSIVE;
				GCC_WARN_UNUSED_FUNCTION = YES;
				GCC_WARN_UNUSED_VARIABLE = YES;
				LOCALIZATION_PREFERS_STRING_CATALOGS = YES;
				MTL_ENABLE_DEBUG_INFO = NO;
				MTL_FAST_MATH = YES;
				SWIFT_COMPILATION_MODE = wholemodule;
			};
			name = Release;
		};
		7BC39B572AF13AE40026F147 /* Debug */ = {
			isa = XCBuildConfiguration;
			buildSettings = {
				ASSETCATALOG_COMPILER_APPICON_NAME = AppIcon;
				ASSETCATALOG_COMPILER_GLOBAL_ACCENT_COLOR_NAME = AccentColor;
				CLANG_ENABLE_MODULES = YES;
				CODE_SIGN_ENTITLEMENTS = Phone/Phone.entitlements;
				CODE_SIGN_STYLE = Automatic;
				CURRENT_PROJECT_VERSION = 1;
				DEVELOPMENT_ASSET_PATHS = "\"Phone/Preview Content\"";
				ENABLE_PREVIEWS = YES;
				GENERATE_INFOPLIST_FILE = YES;
				INFOPLIST_FILE = Phone/Info.plist;
				"INFOPLIST_KEY_UIApplicationSceneManifest_Generation[sdk=iphoneos*]" = YES;
				"INFOPLIST_KEY_UIApplicationSceneManifest_Generation[sdk=iphonesimulator*]" = YES;
				"INFOPLIST_KEY_UIApplicationSupportsIndirectInputEvents[sdk=iphoneos*]" = YES;
				"INFOPLIST_KEY_UIApplicationSupportsIndirectInputEvents[sdk=iphonesimulator*]" = YES;
				"INFOPLIST_KEY_UILaunchScreen_Generation[sdk=iphoneos*]" = YES;
				"INFOPLIST_KEY_UILaunchScreen_Generation[sdk=iphonesimulator*]" = YES;
				"INFOPLIST_KEY_UIStatusBarStyle[sdk=iphoneos*]" = UIStatusBarStyleDefault;
				"INFOPLIST_KEY_UIStatusBarStyle[sdk=iphonesimulator*]" = UIStatusBarStyleDefault;
				INFOPLIST_KEY_UISupportedInterfaceOrientations_iPad = "UIInterfaceOrientationPortrait UIInterfaceOrientationPortraitUpsideDown UIInterfaceOrientationLandscapeLeft UIInterfaceOrientationLandscapeRight";
				INFOPLIST_KEY_UISupportedInterfaceOrientations_iPhone = "UIInterfaceOrientationPortrait UIInterfaceOrientationLandscapeLeft UIInterfaceOrientationLandscapeRight";
				IPHONEOS_DEPLOYMENT_TARGET = 17.0;
				LD_RUNPATH_SEARCH_PATHS = "@executable_path/Frameworks";
				"LD_RUNPATH_SEARCH_PATHS[sdk=macosx*]" = "@executable_path/../Frameworks";
				MACOSX_DEPLOYMENT_TARGET = 14.0;
				MARKETING_VERSION = 1.0;
				PRODUCT_BUNDLE_IDENTIFIER = com.sbg.phone.Phone;
				PRODUCT_NAME = "$(TARGET_NAME)";
				SDKROOT = auto;
				SUPPORTED_PLATFORMS = "iphoneos iphonesimulator macosx";
				SWIFT_EMIT_LOC_STRINGS = YES;
				SWIFT_OBJC_BRIDGING_HEADER = "Phone/Phone-Bridging-Header.h";
				SWIFT_OPTIMIZATION_LEVEL = "-Onone";
				SWIFT_VERSION = 5.0;
				TARGETED_DEVICE_FAMILY = "1,2";
			};
			name = Debug;
		};
		7BC39B582AF13AE40026F147 /* Release */ = {
			isa = XCBuildConfiguration;
			buildSettings = {
				ASSETCATALOG_COMPILER_APPICON_NAME = AppIcon;
				ASSETCATALOG_COMPILER_GLOBAL_ACCENT_COLOR_NAME = AccentColor;
				CLANG_ENABLE_MODULES = YES;
				CODE_SIGN_ENTITLEMENTS = Phone/Phone.entitlements;
				CODE_SIGN_STYLE = Automatic;
				CURRENT_PROJECT_VERSION = 1;
				DEVELOPMENT_ASSET_PATHS = "\"Phone/Preview Content\"";
				ENABLE_PREVIEWS = YES;
				GENERATE_INFOPLIST_FILE = YES;
				INFOPLIST_FILE = Phone/Info.plist;
				"INFOPLIST_KEY_UIApplicationSceneManifest_Generation[sdk=iphoneos*]" = YES;
				"INFOPLIST_KEY_UIApplicationSceneManifest_Generation[sdk=iphonesimulator*]" = YES;
				"INFOPLIST_KEY_UIApplicationSupportsIndirectInputEvents[sdk=iphoneos*]" = YES;
				"INFOPLIST_KEY_UIApplicationSupportsIndirectInputEvents[sdk=iphonesimulator*]" = YES;
				"INFOPLIST_KEY_UILaunchScreen_Generation[sdk=iphoneos*]" = YES;
				"INFOPLIST_KEY_UILaunchScreen_Generation[sdk=iphonesimulator*]" = YES;
				"INFOPLIST_KEY_UIStatusBarStyle[sdk=iphoneos*]" = UIStatusBarStyleDefault;
				"INFOPLIST_KEY_UIStatusBarStyle[sdk=iphonesimulator*]" = UIStatusBarStyleDefault;
				INFOPLIST_KEY_UISupportedInterfaceOrientations_iPad = "UIInterfaceOrientationPortrait UIInterfaceOrientationPortraitUpsideDown UIInterfaceOrientationLandscapeLeft UIInterfaceOrientationLandscapeRight";
				INFOPLIST_KEY_UISupportedInterfaceOrientations_iPhone = "UIInterfaceOrientationPortrait UIInterfaceOrientationLandscapeLeft UIInterfaceOrientationLandscapeRight";
				IPHONEOS_DEPLOYMENT_TARGET = 17.0;
				LD_RUNPATH_SEARCH_PATHS = "@executable_path/Frameworks";
				"LD_RUNPATH_SEARCH_PATHS[sdk=macosx*]" = "@executable_path/../Frameworks";
				MACOSX_DEPLOYMENT_TARGET = 14.0;
				MARKETING_VERSION = 1.0;
				PRODUCT_BUNDLE_IDENTIFIER = com.sbg.phone.Phone;
				PRODUCT_NAME = "$(TARGET_NAME)";
				SDKROOT = auto;
				SUPPORTED_PLATFORMS = "iphoneos iphonesimulator macosx";
				SWIFT_EMIT_LOC_STRINGS = YES;
				SWIFT_OBJC_BRIDGING_HEADER = "Phone/Phone-Bridging-Header.h";
				SWIFT_VERSION = 5.0;
				TARGETED_DEVICE_FAMILY = "1,2";
			};
			name = Release;
		};
		7BC39B5A2AF13AE40026F147 /* Debug */ = {
			isa = XCBuildConfiguration;
			buildSettings = {
				ALWAYS_EMBED_SWIFT_STANDARD_LIBRARIES = YES;
				BUNDLE_LOADER = "$(TEST_HOST)";
				CODE_SIGN_STYLE = Automatic;
				CURRENT_PROJECT_VERSION = 1;
				GENERATE_INFOPLIST_FILE = YES;
				IPHONEOS_DEPLOYMENT_TARGET = 17.0;
				MACOSX_DEPLOYMENT_TARGET = 14.0;
				MARKETING_VERSION = 1.0;
				PRODUCT_BUNDLE_IDENTIFIER = com.sbg.phone.PhoneTests;
				PRODUCT_NAME = "$(TARGET_NAME)";
				SDKROOT = auto;
				SUPPORTED_PLATFORMS = "iphoneos iphonesimulator macosx";
				SWIFT_EMIT_LOC_STRINGS = NO;
				SWIFT_VERSION = 5.0;
				TARGETED_DEVICE_FAMILY = "1,2";
				TEST_HOST = "$(BUILT_PRODUCTS_DIR)/Phone.app/$(BUNDLE_EXECUTABLE_FOLDER_PATH)/Phone";
			};
			name = Debug;
		};
		7BC39B5B2AF13AE40026F147 /* Release */ = {
			isa = XCBuildConfiguration;
			buildSettings = {
				ALWAYS_EMBED_SWIFT_STANDARD_LIBRARIES = YES;
				BUNDLE_LOADER = "$(TEST_HOST)";
				CODE_SIGN_STYLE = Automatic;
				CURRENT_PROJECT_VERSION = 1;
				GENERATE_INFOPLIST_FILE = YES;
				IPHONEOS_DEPLOYMENT_TARGET = 17.0;
				MACOSX_DEPLOYMENT_TARGET = 14.0;
				MARKETING_VERSION = 1.0;
				PRODUCT_BUNDLE_IDENTIFIER = com.sbg.phone.PhoneTests;
				PRODUCT_NAME = "$(TARGET_NAME)";
				SDKROOT = auto;
				SUPPORTED_PLATFORMS = "iphoneos iphonesimulator macosx";
				SWIFT_EMIT_LOC_STRINGS = NO;
				SWIFT_VERSION = 5.0;
				TARGETED_DEVICE_FAMILY = "1,2";
				TEST_HOST = "$(BUILT_PRODUCTS_DIR)/Phone.app/$(BUNDLE_EXECUTABLE_FOLDER_PATH)/Phone";
			};
			name = Release;
		};
		7BC39B5D2AF13AE40026F147 /* Debug */ = {
			isa = XCBuildConfiguration;
			buildSettings = {
				ALWAYS_EMBED_SWIFT_STANDARD_LIBRARIES = YES;
				CODE_SIGN_STYLE = Automatic;
				CURRENT_PROJECT_VERSION = 1;
				GENERATE_INFOPLIST_FILE = YES;
				IPHONEOS_DEPLOYMENT_TARGET = 17.0;
				MACOSX_DEPLOYMENT_TARGET = 14.0;
				MARKETING_VERSION = 1.0;
				PRODUCT_BUNDLE_IDENTIFIER = com.sbg.phone.PhoneUITests;
				PRODUCT_NAME = "$(TARGET_NAME)";
				SDKROOT = auto;
				SUPPORTED_PLATFORMS = "iphoneos iphonesimulator macosx";
				SWIFT_EMIT_LOC_STRINGS = NO;
				SWIFT_VERSION = 5.0;
				TARGETED_DEVICE_FAMILY = "1,2";
				TEST_TARGET_NAME = Phone;
			};
			name = Debug;
		};
		7BC39B5E2AF13AE40026F147 /* Release */ = {
			isa = XCBuildConfiguration;
			buildSettings = {
				ALWAYS_EMBED_SWIFT_STANDARD_LIBRARIES = YES;
				CODE_SIGN_STYLE = Automatic;
				CURRENT_PROJECT_VERSION = 1;
				GENERATE_INFOPLIST_FILE = YES;
				IPHONEOS_DEPLOYMENT_TARGET = 17.0;
				MACOSX_DEPLOYMENT_TARGET = 14.0;
				MARKETING_VERSION = 1.0;
				PRODUCT_BUNDLE_IDENTIFIER = com.sbg.phone.PhoneUITests;
				PRODUCT_NAME = "$(TARGET_NAME)";
				SDKROOT = auto;
				SUPPORTED_PLATFORMS = "iphoneos iphonesimulator macosx";
				SWIFT_EMIT_LOC_STRINGS = NO;
				SWIFT_VERSION = 5.0;
				TARGETED_DEVICE_FAMILY = "1,2";
				TEST_TARGET_NAME = Phone;
			};
			name = Release;
		};
/* End XCBuildConfiguration section */

/* Begin XCConfigurationList section */
		7BC39B2C2AF13AE30026F147 /* Build configuration list for PBXProject "Phone" */ = {
			isa = XCConfigurationList;
			buildConfigurations = (
				7BC39B542AF13AE40026F147 /* Debug */,
				7BC39B552AF13AE40026F147 /* Release */,
			);
			defaultConfigurationIsVisible = 0;
			defaultConfigurationName = Release;
		};
		7BC39B562AF13AE40026F147 /* Build configuration list for PBXNativeTarget "Phone" */ = {
			isa = XCConfigurationList;
			buildConfigurations = (
				7BC39B572AF13AE40026F147 /* Debug */,
				7BC39B582AF13AE40026F147 /* Release */,
			);
			defaultConfigurationIsVisible = 0;
			defaultConfigurationName = Release;
		};
		7BC39B592AF13AE40026F147 /* Build configuration list for PBXNativeTarget "PhoneTests" */ = {
			isa = XCConfigurationList;
			buildConfigurations = (
				7BC39B5A2AF13AE40026F147 /* Debug */,
				7BC39B5B2AF13AE40026F147 /* Release */,
			);
			defaultConfigurationIsVisible = 0;
			defaultConfigurationName = Release;
		};
		7BC39B5C2AF13AE40026F147 /* Build configuration list for PBXNativeTarget "PhoneUITests" */ = {
			isa = XCConfigurationList;
			buildConfigurations = (
				7BC39B5D2AF13AE40026F147 /* Debug */,
				7BC39B5E2AF13AE40026F147 /* Release */,
			);
			defaultConfigurationIsVisible = 0;
			defaultConfigurationName = Release;
		};
/* End XCConfigurationList section */

/* Begin XCRemoteSwiftPackageReference section */
		7BC39B652AF13CB30026F147 /* XCRemoteSwiftPackageReference "Swinject" */ = {
			isa = XCRemoteSwiftPackageReference;
			repositoryURL = "https://github.com/Swinject/Swinject.git";
			requirement = {
				kind = exactVersion;
				version = 2.8.4;
			};
		};
		7BC39B6D2AF13D8A0026F147 /* XCRemoteSwiftPackageReference "Cuckoo" */ = {
			isa = XCRemoteSwiftPackageReference;
			repositoryURL = "https://github.com/Brightify/Cuckoo.git";
			requirement = {
				kind = exactVersion;
				version = 1.10.3;
			};
		};
		7BC39B702AF13E960026F147 /* XCRemoteSwiftPackageReference "OCMockito" */ = {
			isa = XCRemoteSwiftPackageReference;
			repositoryURL = "https://github.com/jonreid/OCMockito";
			requirement = {
				branch = main;
				kind = branch;
			};
		};
/* End XCRemoteSwiftPackageReference section */

/* Begin XCSwiftPackageProductDependency section */
		7BC39B662AF13CB30026F147 /* Swinject */ = {
			isa = XCSwiftPackageProductDependency;
			package = 7BC39B652AF13CB30026F147 /* XCRemoteSwiftPackageReference "Swinject" */;
			productName = Swinject;
		};
		7BC39B682AF13CB30026F147 /* Swinject-Dynamic */ = {
			isa = XCSwiftPackageProductDependency;
			package = 7BC39B652AF13CB30026F147 /* XCRemoteSwiftPackageReference "Swinject" */;
			productName = "Swinject-Dynamic";
		};
		7BC39B6E2AF13D8A0026F147 /* Cuckoo */ = {
			isa = XCSwiftPackageProductDependency;
			package = 7BC39B6D2AF13D8A0026F147 /* XCRemoteSwiftPackageReference "Cuckoo" */;
			productName = Cuckoo;
		};
		7BC39B712AF13E960026F147 /* OCMockito */ = {
			isa = XCSwiftPackageProductDependency;
			package = 7BC39B702AF13E960026F147 /* XCRemoteSwiftPackageReference "OCMockito" */;
			productName = OCMockito;
		};
/* End XCSwiftPackageProductDependency section */
	};
	rootObject = 7BC39B292AF13AE30026F147 /* Project object */;
}
